
Microsoft Visual Studio Solution File, Format Version 12.00
# Visual Studio Version 17
VisualStudioVersion = 17.0.31903.59
MinimumVisualStudioVersion = 10.0.40219.1
Project("{2150E333-8FDC-42A3-9474-1A3956D46DE8}") = "src", "src", "{827E0CD3-B72D-47B6-A68D-7590B98EB39B}"
EndProject
Project("{FAE04EC0-301F-11D3-BF4B-00C04F79EFBC}") = "KafkaMicroservices.Shared", "src\KafkaMicroservices.Shared\KafkaMicroservices.Shared.csproj", "{4B8160A1-6000-4532-9821-29B10BCCAECF}"
EndProject
Project("{FAE04EC0-301F-11D3-BF4B-00C04F79EFBC}") = "KafkaMicroservices.OrderService", "src\KafkaMicroservices.OrderService\KafkaMicroservices.OrderService.csproj", "{B634701C-106C-41A1-BA5F-FF9C5FA5C66D}"
EndProject
Project("{FAE04EC0-301F-11D3-BF4B-00C04F79EFBC}") = "KafkaMicroservices.InventoryService", "src\KafkaMicroservices.InventoryService\KafkaMicroservices.InventoryService.csproj", "{37BC9937-0201-4B6F-9475-03E04358CC7A}"
EndProject
Project("{FAE04EC0-301F-11D3-BF4B-00C04F79EFBC}") = "KafkaMicroservices.NotificationService", "src\KafkaMicroservices.NotificationService\KafkaMicroservices.NotificationService.csproj", "{76B0B414-5E37-47D8-9388-B3DE0C1FA9E8}"
EndProject
Global
	GlobalSection(SolutionConfigurationPlatforms) = preSolution
		Debug|Any CPU = Debug|Any CPU
		Debug|x64 = Debug|x64
		Debug|x86 = Debug|x86
		Release|Any CPU = Release|Any CPU
		Release|x64 = Release|x64
		Release|x86 = Release|x86
	EndGlobalSection
	GlobalSection(ProjectConfigurationPlatforms) = postSolution
		{4B8160A1-6000-4532-9821-29B10BCCAECF}.Debug|Any CPU.ActiveCfg = Debug|Any CPU
		{4B8160A1-6000-4532-9821-29B10BCCAECF}.Debug|Any CPU.Build.0 = Debug|Any CPU
		{4B8160A1-6000-4532-9821-29B10BCCAECF}.Debug|x64.ActiveCfg = Debug|Any CPU
		{4B8160A1-6000-4532-9821-29B10BCCAECF}.Debug|x64.Build.0 = Debug|Any CPU
		{4B8160A1-6000-4532-9821-29B10BCCAECF}.Debug|x86.ActiveCfg = Debug|Any CPU
		{4B8160A1-6000-4532-9821-29B10BCCAECF}.Debug|x86.Build.0 = Debug|Any CPU
		{4B8160A1-6000-4532-9821-29B10BCCAECF}.Release|Any CPU.ActiveCfg = Release|Any CPU
		{4B8160A1-6000-4532-9821-29B10BCCAECF}.Release|Any CPU.Build.0 = Release|Any CPU
		{4B8160A1-6000-4532-9821-29B10BCCAECF}.Release|x64.ActiveCfg = Release|Any CPU
		{4B8160A1-6000-4532-9821-29B10BCCAECF}.Release|x64.Build.0 = Release|Any CPU
		{4B8160A1-6000-4532-9821-29B10BCCAECF}.Release|x86.ActiveCfg = Release|Any CPU
		{4B8160A1-6000-4532-9821-29B10BCCAECF}.Release|x86.Build.0 = Release|Any CPU
		{B634701C-106C-41A1-BA5F-FF9C5FA5C66D}.Debug|Any CPU.ActiveCfg = Debug|Any CPU
		{B634701C-106C-41A1-BA5F-FF9C5FA5C66D}.Debug|Any CPU.Build.0 = Debug|Any CPU
		{B634701C-106C-41A1-BA5F-FF9C5FA5C66D}.Debug|x64.ActiveCfg = Debug|Any CPU
		{B634701C-106C-41A1-BA5F-FF9C5FA5C66D}.Debug|x64.Build.0 = Debug|Any CPU
		{B634701C-106C-41A1-BA5F-FF9C5FA5C66D}.Debug|x86.ActiveCfg = Debug|Any CPU
		{B634701C-106C-41A1-BA5F-FF9C5FA5C66D}.Debug|x86.Build.0 = Debug|Any CPU
		{B634701C-106C-41A1-BA5F-FF9C5FA5C66D}.Release|Any CPU.ActiveCfg = Release|Any CPU
		{B634701C-106C-41A1-BA5F-FF9C5FA5C66D}.Release|Any CPU.Build.0 = Release|Any CPU
		{B634701C-106C-41A1-BA5F-FF9C5FA5C66D}.Release|x64.ActiveCfg = Release|Any CPU
		{B634701C-106C-41A1-BA5F-FF9C5FA5C66D}.Release|x64.Build.0 = Release|Any CPU
		{B634701C-106C-41A1-BA5F-FF9C5FA5C66D}.Release|x86.ActiveCfg = Release|Any CPU
		{B634701C-106C-41A1-BA5F-FF9C5FA5C66D}.Release|x86.Build.0 = Release|Any CPU
		{37BC9937-0201-4B6F-9475-03E04358CC7A}.Debug|Any CPU.ActiveCfg = Debug|Any CPU
		{37BC9937-0201-4B6F-9475-03E04358CC7A}.Debug|Any CPU.Build.0 = Debug|Any CPU
		{37BC9937-0201-4B6F-9475-03E04358CC7A}.Debug|x64.ActiveCfg = Debug|Any CPU
		{37BC9937-0201-4B6F-9475-03E04358CC7A}.Debug|x64.Build.0 = Debug|Any CPU
		{37BC9937-0201-4B6F-9475-03E04358CC7A}.Debug|x86.ActiveCfg = Debug|Any CPU
		{37BC9937-0201-4B6F-9475-03E04358CC7A}.Debug|x86.Build.0 = Debug|Any CPU
		{37BC9937-0201-4B6F-9475-03E04358CC7A}.Release|Any CPU.ActiveCfg = Release|Any CPU
		{37BC9937-0201-4B6F-9475-03E04358CC7A}.Release|Any CPU.Build.0 = Release|Any CPU
		{37BC9937-0201-4B6F-9475-03E04358CC7A}.Release|x64.ActiveCfg = Release|Any CPU
		{37BC9937-0201-4B6F-9475-03E04358CC7A}.Release|x64.Build.0 = Release|Any CPU
		{37BC9937-0201-4B6F-9475-03E04358CC7A}.Release|x86.ActiveCfg = Release|Any CPU
		{37BC9937-0201-4B6F-9475-03E04358CC7A}.Release|x86.Build.0 = Release|Any CPU
		{76B0B414-5E37-47D8-9388-B3DE0C1FA9E8}.Debug|Any CPU.ActiveCfg = Debug|Any CPU
		{76B0B414-5E37-47D8-9388-B3DE0C1FA9E8}.Debug|Any CPU.Build.0 = Debug|Any CPU
		{76B0B414-5E37-47D8-9388-B3DE0C1FA9E8}.Debug|x64.ActiveCfg = Debug|Any CPU
		{76B0B414-5E37-47D8-9388-B3DE0C1FA9E8}.Debug|x64.Build.0 = Debug|Any CPU
		{76B0B414-5E37-47D8-9388-B3DE0C1FA9E8}.Debug|x86.ActiveCfg = Debug|Any CPU
		{76B0B414-5E37-47D8-9388-B3DE0C1FA9E8}.Debug|x86.Build.0 = Debug|Any CPU
		{76B0B414-5E37-47D8-9388-B3DE0C1FA9E8}.Release|Any CPU.ActiveCfg = Release|Any CPU
		{76B0B414-5E37-47D8-9388-B3DE0C1FA9E8}.Release|Any CPU.Build.0 = Release|Any CPU
		{76B0B414-5E37-47D8-9388-B3DE0C1FA9E8}.Release|x64.ActiveCfg = Release|Any CPU
		{76B0B414-5E37-47D8-9388-B3DE0C1FA9E8}.Release|x64.Build.0 = Release|Any CPU
		{76B0B414-5E37-47D8-9388-B3DE0C1FA9E8}.Release|x86.ActiveCfg = Release|Any CPU
		{76B0B414-5E37-47D8-9388-B3DE0C1FA9E8}.Release|x86.Build.0 = Release|Any CPU
	EndGlobalSection
	GlobalSection(SolutionProperties) = preSolution
		HideSolutionNode = FALSE
	EndGlobalSection
	GlobalSection(NestedProjects) = preSolution
		{4B8160A1-6000-4532-9821-29B10BCCAECF} = {827E0CD3-B72D-47B6-A68D-7590B98EB39B}
		{B634701C-106C-41A1-BA5F-FF9C5FA5C66D} = {827E0CD3-B72D-47B6-A68D-7590B98EB39B}
		{37BC9937-0201-4B6F-9475-03E04358CC7A} = {827E0CD3-B72D-47B6-A68D-7590B98EB39B}
		{76B0B414-5E37-47D8-9388-B3DE0C1FA9E8} = {827E0CD3-B72D-47B6-A68D-7590B98EB39B}
	EndGlobalSection
EndGlobal
